
Microsoft Visual Studio Solution File, Format Version 12.00
# Visual Studio Version 16
VisualStudioVersion = 16.0.30804.86
MinimumVisualStudioVersion = 10.0.40219.1
Project("{FAE04EC0-301F-11D3-BF4B-00C04F79EFBC}") = "MyWebsite", "MyWebsite\MyWebsite.csproj", "{DF0BEF26-8545-49BF-95C5-5086B1A13287}"
EndProject
Global
	GlobalSection(SolutionConfigurationPlatforms) = preSolution
		Debug|Any CPU = Debug|Any CPU
		Release|Any CPU = Release|Any CPU
	EndGlobalSection
	GlobalSection(ProjectConfigurationPlatforms) = postSolution
		{DF0BEF26-8545-49BF-95C5-5086B1A13287}.Debug|Any CPU.ActiveCfg = Debug|Any CPU
		{DF0BEF26-8545-49BF-95C5-5086B1A13287}.Debug|Any CPU.Build.0 = Debug|Any CPU
		{DF0BEF26-8545-49BF-95C5-5086B1A13287}.Release|Any CPU.ActiveCfg = Release|Any CPU
		{DF0BEF26-8545-49BF-95C5-5086B1A13287}.Release|Any CPU.Build.0 = Release|Any CPU
	EndGlobalSection
	GlobalSection(SolutionProperties) = preSolution
		HideSolutionNode = FALSE
	EndGlobalSection
	GlobalSection(ExtensibilityGlobals) = postSolution
		SolutionGuid = {A6F491FB-4910-4E45-826D-CB69E6D6E2EE}
	EndGlobalSection
EndGlobal
